{
  "projects": [
    {
      "projectId": "seaQhLVS4bbjiGvJJrRwyL",
      "version": "15.0.3",
      "dependencies": {},
      "lang": "ts",
      "fileLocks": [
        {
          "assetId": "seaQhLVS4bbjiGvJJrRwyL",
          "type": "projectCss",
          "checksum": "49ed387a658d5ef4383161b109a3cd3c"
        },
        {
          "assetId": "seaQhLVS4bbjiGvJJrRwyL",
          "checksum": "c0cabfed69de67ae4ae2e5d0981abbc6",
          "type": "projectModule"
        },
        {
          "assetId": "seaQhLVS4bbjiGvJJrRwyL",
          "checksum": "403e7622346cce713ab0bf83535b399e",
          "type": "styleTokensProvider"
        }
      ],
      "codegenVersion": "0.0.3"
    },
    {
      "projectId": "q99j7awHXXkWnTbGHfeoZt",
      "version": "latest",
      "dependencies": {
        "seaQhLVS4bbjiGvJJrRwyL": "15.0.3"
      },
      "lang": "ts",
      "fileLocks": [
        {
          "type": "globalVariant",
          "assetId": "3ITArvxMaTEK",
          "checksum": "72414999a42be4d853b0ff6fa551921e"
        },
        {
          "assetId": "q99j7awHXXkWnTbGHfeoZt",
          "type": "projectCss",
          "checksum": "29844a21979a140dd3e5a25355b53715"
        },
        {
          "assetId": "q99j7awHXXkWnTbGHfeoZt",
          "checksum": "63c3e88432681df9b4af8b84f087f24d",
          "type": "projectModule"
        },
        {
          "assetId": "q99j7awHXXkWnTbGHfeoZt",
          "checksum": "c27e1a5480c1756a1ea5f6acb36dbe5f",
          "type": "styleTokensProvider"
        },
        {
          "type": "renderModule",
          "assetId": "ZScbKbJPAq6N",
          "checksum": "4318f5f7765acbad0e1a622bed6424cd"
        },
        {
          "type": "cssRules",
          "assetId": "ZScbKbJPAq6N",
          "checksum": "4318f5f7765acbad0e1a622bed6424cd"
        },
        {
          "type": "renderModule",
          "assetId": "fvrrAjoqQjp-",
          "checksum": "f85616044092643818f6cc79acad0a48"
        },
        {
          "type": "cssRules",
          "assetId": "fvrrAjoqQjp-",
          "checksum": "f85616044092643818f6cc79acad0a48"
        },
        {
          "type": "renderModule",
          "assetId": "Hn3uC4k439p5",
          "checksum": "c24eb13e527c6110d316d48193a9a2fa"
        },
        {
          "type": "cssRules",
          "assetId": "Hn3uC4k439p5",
          "checksum": "c24eb13e527c6110d316d48193a9a2fa"
        },
        {
          "type": "renderModule",
          "assetId": "Uh0mjiM15tX3",
          "checksum": "6b5e36e2461bdefcb1fea2baea44363d"
        },
        {
          "type": "cssRules",
          "assetId": "Uh0mjiM15tX3",
          "checksum": "6b5e36e2461bdefcb1fea2baea44363d"
        },
        {
          "type": "renderModule",
          "assetId": "VWYTCwolppmH",
          "checksum": "8f7270b7a0b9dae86cdbca66c7ee87c3"
        },
        {
          "type": "cssRules",
          "assetId": "VWYTCwolppmH",
          "checksum": "8f7270b7a0b9dae86cdbca66c7ee87c3"
        },
        {
          "type": "renderModule",
          "assetId": "HXQgQF2iOl0T",
          "checksum": "306b596155231716224cb6187f6ed8a1"
        },
        {
          "type": "cssRules",
          "assetId": "HXQgQF2iOl0T",
          "checksum": "306b596155231716224cb6187f6ed8a1"
        },
        {
          "type": "renderModule",
          "assetId": "I7ALZ0ZTsqn6",
          "checksum": "721dde3f406a506a15d5e0044f0ba570"
        },
        {
          "type": "cssRules",
          "assetId": "I7ALZ0ZTsqn6",
          "checksum": "721dde3f406a506a15d5e0044f0ba570"
        },
        {
          "type": "renderModule",
          "assetId": "IzlRMtMawqk5",
          "checksum": "d85ace1a91f833b892022ad71173621e"
        },
        {
          "type": "cssRules",
          "assetId": "IzlRMtMawqk5",
          "checksum": "d85ace1a91f833b892022ad71173621e"
        },
        {
          "type": "renderModule",
          "assetId": "uVgRnyhC1p2h",
          "checksum": "f67d4e8cf7f0ec3d8716c6a899da8901"
        },
        {
          "type": "cssRules",
          "assetId": "uVgRnyhC1p2h",
          "checksum": "f67d4e8cf7f0ec3d8716c6a899da8901"
        },
        {
          "type": "renderModule",
          "assetId": "5tAIcjhnKqFF",
          "checksum": "3e6c280024628e3bdaabf09ce3b5b2e8"
        },
        {
          "type": "cssRules",
          "assetId": "5tAIcjhnKqFF",
          "checksum": "3e6c280024628e3bdaabf09ce3b5b2e8"
        },
        {
          "type": "renderModule",
          "assetId": "btbRFu7u_upz",
          "checksum": "b813f61ca76ec8138906fae16f100364"
        },
        {
          "type": "cssRules",
          "assetId": "btbRFu7u_upz",
          "checksum": "b813f61ca76ec8138906fae16f100364"
        },
        {
          "type": "renderModule",
          "assetId": "oVCox4rfe2Gp",
          "checksum": "8e184f50531dd56bc09a77d2dae39769"
        },
        {
          "type": "cssRules",
          "assetId": "oVCox4rfe2Gp",
          "checksum": "8e184f50531dd56bc09a77d2dae39769"
        },
        {
          "type": "renderModule",
          "assetId": "YL76Yi4QdfS4",
          "checksum": "ec22b37b6f0f0a6f3453ca9c835252f1"
        },
        {
          "type": "cssRules",
          "assetId": "YL76Yi4QdfS4",
          "checksum": "ec22b37b6f0f0a6f3453ca9c835252f1"
        },
        {
          "type": "renderModule",
          "assetId": "NGq6drz37r2O",
          "checksum": "fa970246312b9af3fd5514c0ab81520b"
        },
        {
          "type": "cssRules",
          "assetId": "NGq6drz37r2O",
          "checksum": "fa970246312b9af3fd5514c0ab81520b"
        },
        {
          "type": "renderModule",
          "assetId": "iQfjVsD6E9iZ",
          "checksum": "f063b4f655d30a0132d764a5f6a1ad7a"
        },
        {
          "type": "cssRules",
          "assetId": "iQfjVsD6E9iZ",
          "checksum": "f063b4f655d30a0132d764a5f6a1ad7a"
        },
        {
          "type": "renderModule",
          "assetId": "ltBp1iInfrQV",
          "checksum": "cb99d2a5111a048842e3bdf1b24b76d2"
        },
        {
          "type": "cssRules",
          "assetId": "ltBp1iInfrQV",
          "checksum": "cb99d2a5111a048842e3bdf1b24b76d2"
        },
        {
          "type": "renderModule",
          "assetId": "imfkMeZlwEFG",
          "checksum": "d458f445732d831f8301de6b5ae7cd50"
        },
        {
          "type": "cssRules",
          "assetId": "imfkMeZlwEFG",
          "checksum": "d458f445732d831f8301de6b5ae7cd50"
        },
        {
          "type": "icon",
          "assetId": "ikFk3EEb855w",
          "checksum": "3e21e29853b9c2b49a0a5d2998d30405"
        },
        {
          "type": "icon",
          "assetId": "uH5UPcJ17bsr",
          "checksum": "c3cda16340e354d658b08581bc3e6b2a"
        },
        {
          "type": "icon",
          "assetId": "7m_M823KTikH",
          "checksum": "90d15f586321f5f487442bd926b3cad8"
        },
        {
          "type": "icon",
          "assetId": "x-qGo1MwZ3rz",
          "checksum": "047b4efa3c7947ca21b87517cea15d89"
        },
        {
          "type": "icon",
          "assetId": "XOPUZ2IrdgSY",
          "checksum": "b2eeac82e99b09b450ebefe7d0c5648f"
        },
        {
          "type": "icon",
          "assetId": "Cv5VkuFraSwl",
          "checksum": "1c3f1fad63333a6f35b5267a0d7328ef"
        },
        {
          "type": "icon",
          "assetId": "aHbXJhMDmfiT",
          "checksum": "12f00985499925bcedfcd712d0f4571f"
        },
        {
          "type": "icon",
          "assetId": "yooEF7PkEQ09",
          "checksum": "190b1c15c71fcd49f86dd6802ef6e826"
        },
        {
          "type": "icon",
          "assetId": "OgJNLGZ67ZRM",
          "checksum": "9ad4c52a2b685c8b352b2b2ca5231c81"
        },
        {
          "type": "icon",
          "assetId": "Kh14kuTwMwXh",
          "checksum": "6855c444d9d630358f04dabe28595025"
        },
        {
          "type": "icon",
          "assetId": "7aK9VAl_jwNs",
          "checksum": "e5f886340da4acb1e6f9c463a0238ed6"
        },
        {
          "type": "icon",
          "assetId": "McSl3W-edMWP",
          "checksum": "9eb80f18a530f23daea18612e9da4052"
        },
        {
          "type": "icon",
          "assetId": "37ppy0RYeDKZ",
          "checksum": "ddbd1e5290a0704fbcc602f091b92066"
        },
        {
          "type": "icon",
          "assetId": "kbaZyDjbkQIA",
          "checksum": "10b5a5a4271a1ebba258af85826cdfd0"
        },
        {
          "type": "icon",
          "assetId": "dyEihd-RJuT0",
          "checksum": "714be03a4c835a74d7c14295add1bb9d"
        },
        {
          "type": "icon",
          "assetId": "kVR9zAXu-tgK",
          "checksum": "44246bc60d692017947b0a07cd200e76"
        },
        {
          "type": "icon",
          "assetId": "ESerwDbSoiOT",
          "checksum": "5788b22e596f3ff0529168bc9a952335"
        },
        {
          "type": "icon",
          "assetId": "7Ar85QBKvpnX",
          "checksum": "2aaf9d287dcb484f0ec3336114d42a30"
        },
        {
          "type": "icon",
          "assetId": "ds63BWQ1ThU6",
          "checksum": "7aa6493d177cde7f3f32a30e345ab1d9"
        },
        {
          "type": "icon",
          "assetId": "9wNu8lQOr9CS",
          "checksum": "b90edee49da744dd4a24b7f838b669f9"
        },
        {
          "type": "icon",
          "assetId": "cqVQ_NIxWLeo",
          "checksum": "4641b0669469c75782f3d963b2ea6a3a"
        },
        {
          "type": "icon",
          "assetId": "uLJgMHa9Xd5S",
          "checksum": "52d5eab5d8cf0232a20eace5704d056c"
        },
        {
          "type": "icon",
          "assetId": "rKzojCvLNCrI",
          "checksum": "3abae8a0c8f77741f1c2d032a2c7a975"
        },
        {
          "type": "icon",
          "assetId": "JRxYeOBgIVu_",
          "checksum": "08b66903b50276b1709f5b6be400bf99"
        },
        {
          "type": "icon",
          "assetId": "dgb4cKOaBpT2",
          "checksum": "a2748099d6c3eb7bf92421c6f31b5f90"
        },
        {
          "type": "icon",
          "assetId": "vJ8Yo6oAcXXo",
          "checksum": "63b1ccec4f8f1edddbd990a5b61ec519"
        },
        {
          "type": "icon",
          "assetId": "2mcOfPkf23U6",
          "checksum": "4d18d781cc70eea5c74a2461665da3ce"
        },
        {
          "type": "icon",
          "assetId": "-6EMW7tAnRc4",
          "checksum": "076685409fb40c6f976e6b110787adf5"
        },
        {
          "type": "icon",
          "assetId": "AkT3y3h5ln-C",
          "checksum": "44628f22b86f9e74111abe9dd2f92ef4"
        },
        {
          "type": "icon",
          "assetId": "JgAWzmHnyCvd",
          "checksum": "533d28bb5e4cf751692ab266336f0f24"
        },
        {
          "type": "icon",
          "assetId": "5UiK3G_OqHQg",
          "checksum": "5e08f8fa8660635674bc93b723d642ce"
        },
        {
          "type": "image",
          "assetId": "5i8IaWeeKd2K",
          "checksum": "c786825636717c8b0789444232eb10dc"
        },
        {
          "type": "image",
          "assetId": "l8kxOSQ05lng",
          "checksum": "69a45e30d9bcb4a47b1e7609ca71f5e9"
        },
        {
          "type": "image",
          "assetId": "MK-6Vox2z11b",
          "checksum": "d2256507ecc0bff765d798292c98190f"
        },
        {
          "type": "image",
          "assetId": "-j-RsHZhp235",
          "checksum": "55a6efd435567edc0505c259ac12f944"
        }
      ],
      "codegenVersion": "0.0.3"
    }
  ],
  "cliVersion": "0.1.359"
}
